
Microsoft Visual Studio Solution File, Format Version 12.00
Project("{FAE04EC0-301F-11D3-BF4B-00C04F79EFBC}") = "Task1", "Task1\Task1.csproj", "{4C04497A-6A97-49FB-978A-14DEA217F360}"
EndProject
Project("{FAE04EC0-301F-11D3-BF4B-00C04F79EFBC}") = "Task2", "Task2\Task2.csproj", "{1AAE6106-0C1C-4762-96DA-D9F57E4E1077}"
EndProject
Project("{FAE04EC0-301F-11D3-BF4B-00C04F79EFBC}") = "Task3", "Task3\Task3.csproj", "{641053D0-BD81-44ED-A3C4-0A0AB9890FDC}"
EndProject
Project("{FAE04EC0-301F-11D3-BF4B-00C04F79EFBC}") = "Task4", "Task4\Task4.csproj", "{2F92B769-B0EF-4191-BB82-9024D3CDC07E}"
EndProject
Project("{FAE04EC0-301F-11D3-BF4B-00C04F79EFBC}") = "Task5", "Task5\Task5.csproj", "{6E518C87-504B-49E7-A792-21AF617E0DEF}"
EndProject
Project("{FAE04EC0-301F-11D3-BF4B-00C04F79EFBC}") = "Task6", "Task6\Task6.csproj", "{DCFF013D-ED85-4367-B8D9-B71E8D216D69}"
EndProject
Project("{FAE04EC0-301F-11D3-BF4B-00C04F79EFBC}") = "Task7", "Task7\Task7.csproj", "{E4185CB9-0487-4DD1-8B06-9057215CEDF5}"
EndProject
Project("{FAE04EC0-301F-11D3-BF4B-00C04F79EFBC}") = "Task8", "Task8\Task8.csproj", "{57231788-2F5C-4BC2-A169-41960461F70D}"
EndProject
Project("{FAE04EC0-301F-11D3-BF4B-00C04F79EFBC}") = "Task9", "Task9\Task9.csproj", "{BC81438D-0F10-4081-9C16-1E119CD79C14}"
EndProject
Project("{FAE04EC0-301F-11D3-BF4B-00C04F79EFBC}") = "Task10", "Task10\Task10.csproj", "{7158F9BD-8D32-45FB-8BFF-605065C963B1}"
EndProject
Project("{FAE04EC0-301F-11D3-BF4B-00C04F79EFBC}") = "Task11", "Task11\Task11.csproj", "{F391A493-28F2-4062-B656-48C1D93EE391}"
EndProject
Project("{FAE04EC0-301F-11D3-BF4B-00C04F79EFBC}") = "Task12", "Task12\Task12.csproj", "{2DA67C9F-D404-428C-BB20-93CCDFEAC9CF}"
EndProject
Project("{FAE04EC0-301F-11D3-BF4B-00C04F79EFBC}") = "Task13", "Task13\Task13.csproj", "{7E891661-D567-45FB-939E-AD3A0DEC9880}"
EndProject
Global
	GlobalSection(SolutionConfigurationPlatforms) = preSolution
		Debug|Any CPU = Debug|Any CPU
		Release|Any CPU = Release|Any CPU
	EndGlobalSection
	GlobalSection(ProjectConfigurationPlatforms) = postSolution
		{4C04497A-6A97-49FB-978A-14DEA217F360}.Debug|Any CPU.ActiveCfg = Debug|Any CPU
		{4C04497A-6A97-49FB-978A-14DEA217F360}.Debug|Any CPU.Build.0 = Debug|Any CPU
		{4C04497A-6A97-49FB-978A-14DEA217F360}.Release|Any CPU.ActiveCfg = Release|Any CPU
		{4C04497A-6A97-49FB-978A-14DEA217F360}.Release|Any CPU.Build.0 = Release|Any CPU
		{1AAE6106-0C1C-4762-96DA-D9F57E4E1077}.Debug|Any CPU.ActiveCfg = Debug|Any CPU
		{1AAE6106-0C1C-4762-96DA-D9F57E4E1077}.Debug|Any CPU.Build.0 = Debug|Any CPU
		{1AAE6106-0C1C-4762-96DA-D9F57E4E1077}.Release|Any CPU.ActiveCfg = Release|Any CPU
		{1AAE6106-0C1C-4762-96DA-D9F57E4E1077}.Release|Any CPU.Build.0 = Release|Any CPU
		{641053D0-BD81-44ED-A3C4-0A0AB9890FDC}.Debug|Any CPU.ActiveCfg = Debug|Any CPU
		{641053D0-BD81-44ED-A3C4-0A0AB9890FDC}.Debug|Any CPU.Build.0 = Debug|Any CPU
		{641053D0-BD81-44ED-A3C4-0A0AB9890FDC}.Release|Any CPU.ActiveCfg = Release|Any CPU
		{641053D0-BD81-44ED-A3C4-0A0AB9890FDC}.Release|Any CPU.Build.0 = Release|Any CPU
		{2F92B769-B0EF-4191-BB82-9024D3CDC07E}.Debug|Any CPU.ActiveCfg = Debug|Any CPU
		{2F92B769-B0EF-4191-BB82-9024D3CDC07E}.Debug|Any CPU.Build.0 = Debug|Any CPU
		{2F92B769-B0EF-4191-BB82-9024D3CDC07E}.Release|Any CPU.ActiveCfg = Release|Any CPU
		{2F92B769-B0EF-4191-BB82-9024D3CDC07E}.Release|Any CPU.Build.0 = Release|Any CPU
		{6E518C87-504B-49E7-A792-21AF617E0DEF}.Debug|Any CPU.ActiveCfg = Debug|Any CPU
		{6E518C87-504B-49E7-A792-21AF617E0DEF}.Debug|Any CPU.Build.0 = Debug|Any CPU
		{6E518C87-504B-49E7-A792-21AF617E0DEF}.Release|Any CPU.ActiveCfg = Release|Any CPU
		{6E518C87-504B-49E7-A792-21AF617E0DEF}.Release|Any CPU.Build.0 = Release|Any CPU
		{DCFF013D-ED85-4367-B8D9-B71E8D216D69}.Debug|Any CPU.ActiveCfg = Debug|Any CPU
		{DCFF013D-ED85-4367-B8D9-B71E8D216D69}.Debug|Any CPU.Build.0 = Debug|Any CPU
		{DCFF013D-ED85-4367-B8D9-B71E8D216D69}.Release|Any CPU.ActiveCfg = Release|Any CPU
		{DCFF013D-ED85-4367-B8D9-B71E8D216D69}.Release|Any CPU.Build.0 = Release|Any CPU
		{E4185CB9-0487-4DD1-8B06-9057215CEDF5}.Debug|Any CPU.ActiveCfg = Debug|Any CPU
		{E4185CB9-0487-4DD1-8B06-9057215CEDF5}.Debug|Any CPU.Build.0 = Debug|Any CPU
		{E4185CB9-0487-4DD1-8B06-9057215CEDF5}.Release|Any CPU.ActiveCfg = Release|Any CPU
		{E4185CB9-0487-4DD1-8B06-9057215CEDF5}.Release|Any CPU.Build.0 = Release|Any CPU
		{57231788-2F5C-4BC2-A169-41960461F70D}.Debug|Any CPU.ActiveCfg = Debug|Any CPU
		{57231788-2F5C-4BC2-A169-41960461F70D}.Debug|Any CPU.Build.0 = Debug|Any CPU
		{57231788-2F5C-4BC2-A169-41960461F70D}.Release|Any CPU.ActiveCfg = Release|Any CPU
		{57231788-2F5C-4BC2-A169-41960461F70D}.Release|Any CPU.Build.0 = Release|Any CPU
		{BC81438D-0F10-4081-9C16-1E119CD79C14}.Debug|Any CPU.ActiveCfg = Debug|Any CPU
		{BC81438D-0F10-4081-9C16-1E119CD79C14}.Debug|Any CPU.Build.0 = Debug|Any CPU
		{BC81438D-0F10-4081-9C16-1E119CD79C14}.Release|Any CPU.ActiveCfg = Release|Any CPU
		{BC81438D-0F10-4081-9C16-1E119CD79C14}.Release|Any CPU.Build.0 = Release|Any CPU
		{7158F9BD-8D32-45FB-8BFF-605065C963B1}.Debug|Any CPU.ActiveCfg = Debug|Any CPU
		{7158F9BD-8D32-45FB-8BFF-605065C963B1}.Debug|Any CPU.Build.0 = Debug|Any CPU
		{7158F9BD-8D32-45FB-8BFF-605065C963B1}.Release|Any CPU.ActiveCfg = Release|Any CPU
		{7158F9BD-8D32-45FB-8BFF-605065C963B1}.Release|Any CPU.Build.0 = Release|Any CPU
		{F391A493-28F2-4062-B656-48C1D93EE391}.Debug|Any CPU.ActiveCfg = Debug|Any CPU
		{F391A493-28F2-4062-B656-48C1D93EE391}.Debug|Any CPU.Build.0 = Debug|Any CPU
		{F391A493-28F2-4062-B656-48C1D93EE391}.Release|Any CPU.ActiveCfg = Release|Any CPU
		{F391A493-28F2-4062-B656-48C1D93EE391}.Release|Any CPU.Build.0 = Release|Any CPU
		{2DA67C9F-D404-428C-BB20-93CCDFEAC9CF}.Debug|Any CPU.ActiveCfg = Debug|Any CPU
		{2DA67C9F-D404-428C-BB20-93CCDFEAC9CF}.Debug|Any CPU.Build.0 = Debug|Any CPU
		{2DA67C9F-D404-428C-BB20-93CCDFEAC9CF}.Release|Any CPU.ActiveCfg = Release|Any CPU
		{2DA67C9F-D404-428C-BB20-93CCDFEAC9CF}.Release|Any CPU.Build.0 = Release|Any CPU
		{7E891661-D567-45FB-939E-AD3A0DEC9880}.Debug|Any CPU.ActiveCfg = Debug|Any CPU
		{7E891661-D567-45FB-939E-AD3A0DEC9880}.Debug|Any CPU.Build.0 = Debug|Any CPU
		{7E891661-D567-45FB-939E-AD3A0DEC9880}.Release|Any CPU.ActiveCfg = Release|Any CPU
		{7E891661-D567-45FB-939E-AD3A0DEC9880}.Release|Any CPU.Build.0 = Release|Any CPU
	EndGlobalSection
EndGlobal
